PODS:
  - RNCryptor-objc (3.0.6)
  - SocketRocket (0.5.1)
  - SPIClient-iOS (2.4.4):
    - RNCryptor-objc
    - SocketRocket

DEPENDENCIES:
  - SPIClient-iOS (from `https://github.com/AssemblyPayments/spi-client-ios`, branch `feature/payattable-preauth-trans`)

SPEC REPOS:
  https://github.com/cocoapods/specs.git:
    - RNCryptor-objc
    - SocketRocket

EXTERNAL SOURCES:
  SPIClient-iOS:
    :branch: feature/payattable-preauth-trans
    :git: https://github.com/AssemblyPayments/spi-client-ios

CHECKOUT OPTIONS:
  SPIClient-iOS:
    :commit: a055aaf55220e96a112925d425827fdc3d6bafa4
    :git: https://github.com/AssemblyPayments/spi-client-ios

SPEC CHECKSUMS:
  RNCryptor-objc: d1b228f9c02e2173df063f0617684c134aed890e
  SocketRocket: d57c7159b83c3c6655745cd15302aa24b6bae531
  SPIClient-iOS: 99502a1ee85291a80b46fc4b078aaa2bcd483563

PODFILE CHECKSUM: 03ddf79d5b73fff384c776328d26418344af1bc6

COCOAPODS: 1.5.3
