PODS:
  - RNCryptor-objc (3.0.6)
  - SocketRocket (0.5.1)
  - SPIClient-iOS (2.6.6):
    - RNCryptor-objc
    - SocketRocket

DEPENDENCIES:
  - SPIClient-iOS (~> 2.6.6)

SPEC REPOS:
  trunk:
    - RNCryptor-objc
    - SocketRocket
    - SPIClient-iOS

SPEC CHECKSUMS:
  RNCryptor-objc: d1b228f9c02e2173df063f0617684c134aed890e
  SocketRocket: d57c7159b83c3c6655745cd15302aa24b6bae531
  SPIClient-iOS: eae13185141088909b4b40586f1255c20a50df09

PODFILE CHECKSUM: 434f3387368d8bcc5ee4616a045dd9ae2c864d30

COCOAPODS: 1.10.1
