PODS:
  - RNCryptor-objc (3.0.6)
  - SocketRocket (0.5.1)
  - SPIClient-iOS (2.6.5):
    - RNCryptor-objc
    - SocketRocket

DEPENDENCIES:
  - SPIClient-iOS (from `https://github.com/mx51/spi-client-ios.git`, branch `feature/v2.6.6`)

SPEC REPOS:
  trunk:
    - RNCryptor-objc
    - SocketRocket

EXTERNAL SOURCES:
  SPIClient-iOS:
    :branch: feature/v2.6.6
    :git: https://github.com/mx51/spi-client-ios.git

CHECKOUT OPTIONS:
  SPIClient-iOS:
    :commit: de0ab61f50a628f85c354d7de88dbb0099384475
    :git: https://github.com/mx51/spi-client-ios.git

SPEC CHECKSUMS:
  RNCryptor-objc: d1b228f9c02e2173df063f0617684c134aed890e
  SocketRocket: d57c7159b83c3c6655745cd15302aa24b6bae531
  SPIClient-iOS: 1759d8a986358b3d5bfca84d3e246aa21aa22b3e

PODFILE CHECKSUM: 6b6f0c8e2847da58eae11535f90119f316ccbe14

COCOAPODS: 1.9.3
