PODS:
  - RNCryptor-objc (3.0.6)
  - SocketRocket (0.5.1)
  - SPIClient-iOS (2.4.2):
    - RNCryptor-objc
    - SocketRocket

DEPENDENCIES:
  - SPIClient-iOS (from `https://github.com/AssemblyPayments/spi-client-ios`, branch `feature/v2.4.x`)

SPEC REPOS:
  https://github.com/cocoapods/specs.git:
    - RNCryptor-objc
    - SocketRocket

EXTERNAL SOURCES:
  SPIClient-iOS:
    :branch: feature/v2.4.x
    :git: https://github.com/AssemblyPayments/spi-client-ios

CHECKOUT OPTIONS:
  SPIClient-iOS:
    :commit: 5bdfddd48f52aa198662a2d721a3e67924816a84
    :git: https://github.com/AssemblyPayments/spi-client-ios

SPEC CHECKSUMS:
  RNCryptor-objc: d1b228f9c02e2173df063f0617684c134aed890e
  SocketRocket: d57c7159b83c3c6655745cd15302aa24b6bae531
  SPIClient-iOS: 734b703a9c2edbf8147f964ff34368dff1d5d68f

PODFILE CHECKSUM: 86778da1d8eb6a91ff34520faf2fa1f05e3d38da

COCOAPODS: 1.5.3
