// !$*UTF8*$!
{
	archiveVersion = 1;
	classes = {
	};
	objectVersion = 51;
	objects = {

/* Begin PBXBuildFile section */
		1C0D4F94A9FAF5CE3FB798C1 /* Pods_RamenPosUITests.framework in Frameworks */ = {isa = PBXBuildFile; fileRef = 01616ABAC36F1BDFC6ADCC84 /* Pods_RamenPosUITests.framework */; };
		1F1954685EFC9AF5D52FC44B /* Pods_RamenPos.framework in Frameworks */ = {isa = PBXBuildFile; fileRef = D35FCD202F68FEAB23A8FC5B /* Pods_RamenPos.framework */; };
		290EBBB020C6D92F00D98C3A /* MainViewController+PrintStatusActions.swift in Sources */ = {isa = PBXBuildFile; fileRef = 290EBBAF20C6D92F00D98C3A /* MainViewController+PrintStatusActions.swift */; };
		290EBBB220C6DFEC00D98C3A /* SPIExtensions.swift in Sources */ = {isa = PBXBuildFile; fileRef = 290EBBB120C6DFEC00D98C3A /* SPIExtensions.swift */; };
		290EBBB420C6E43300D98C3A /* toString.swift in Sources */ = {isa = PBXBuildFile; fileRef = 290EBBB320C6E43300D98C3A /* toString.swift */; };
		29534F5120BC43320048C0E0 /* UIViewController+Alert.swift in Sources */ = {isa = PBXBuildFile; fileRef = 29534F5020BC43320048C0E0 /* UIViewController+Alert.swift */; };
		29534F5320BC48BF0048C0E0 /* AppDelegate.swift in Sources */ = {isa = PBXBuildFile; fileRef = 29534F5220BC48BF0048C0E0 /* AppDelegate.swift */; };
		29534F5520BD61FC0048C0E0 /* NotificationListener.swift in Sources */ = {isa = PBXBuildFile; fileRef = 29534F5420BD61FC0048C0E0 /* NotificationListener.swift */; };
		29534F5820BD8CE30048C0E0 /* MainViewController+Actions.swift in Sources */ = {isa = PBXBuildFile; fileRef = 29534F5720BD8CE30048C0E0 /* MainViewController+Actions.swift */; };
		298DCCF620BAED630081940A /* ConnectionViewController.swift in Sources */ = {isa = PBXBuildFile; fileRef = 298DCCF520BAED630081940A /* ConnectionViewController.swift */; };
		298DCCFA20BAEE610081940A /* MainViewController.swift in Sources */ = {isa = PBXBuildFile; fileRef = 298DCCF920BAEE610081940A /* MainViewController.swift */; };
		298DCCFF20BAF1040081940A /* SettingsProvider.swift in Sources */ = {isa = PBXBuildFile; fileRef = 298DCCFE20BAF1040081940A /* SettingsProvider.swift */; };
		298DCD0120BAF20D0081940A /* RamenApp.swift in Sources */ = {isa = PBXBuildFile; fileRef = 298DCD0020BAF20D0081940A /* RamenApp.swift */; };
		298DCD0320BAFBD10081940A /* RamenApp+SPIConnectionDelegate.swift in Sources */ = {isa = PBXBuildFile; fileRef = 298DCD0220BAFBD10081940A /* RamenApp+SPIConnectionDelegate.swift */; };
		298DCD0620BAFDD20081940A /* AppEvents.swift in Sources */ = {isa = PBXBuildFile; fileRef = 298DCD0520BAFDD20081940A /* AppEvents.swift */; };
		2998F79F20C41EAB00431BE1 /* MainViewController+TransactionFlowChange.swift in Sources */ = {isa = PBXBuildFile; fileRef = 2998F79E20C41EAA00431BE1 /* MainViewController+TransactionFlowChange.swift */; };
		29B013AB20BAB40C00F93AAF /* Main.storyboard in Resources */ = {isa = PBXBuildFile; fileRef = 29B013A920BAB40C00F93AAF /* Main.storyboard */; };
		29B013AD20BAB40E00F93AAF /* Assets.xcassets in Resources */ = {isa = PBXBuildFile; fileRef = 29B013AC20BAB40E00F93AAF /* Assets.xcassets */; };
		29B013B020BAB40E00F93AAF /* LaunchScreen.storyboard in Resources */ = {isa = PBXBuildFile; fileRef = 29B013AE20BAB40E00F93AAF /* LaunchScreen.storyboard */; };
		29B013BD20BAB40E00F93AAF /* RamenPosTests.m in Sources */ = {isa = PBXBuildFile; fileRef = 29B013BC20BAB40E00F93AAF /* RamenPosTests.m */; };
		29B013C820BAB40E00F93AAF /* RamenPosUITests.m in Sources */ = {isa = PBXBuildFile; fileRef = 29B013C720BAB40E00F93AAF /* RamenPosUITests.m */; };
		34A78CAA8CA85A5CD026F8D3 /* Pods_RamenPosTests.framework in Frameworks */ = {isa = PBXBuildFile; fileRef = E2878094387BD470B843E4AC /* Pods_RamenPosTests.framework */; };
		C979FA03261435CC00DE8B94 /* TenantPickerViewController.swift in Sources */ = {isa = PBXBuildFile; fileRef = C979FA01261435CC00DE8B94 /* TenantPickerViewController.swift */; };
/* End PBXBuildFile section */

/* Begin PBXContainerItemProxy section */
		29B013B920BAB40E00F93AAF /* PBXContainerItemProxy */ = {
			isa = PBXContainerItemProxy;
			containerPortal = 29B0139820BAB40C00F93AAF /* Project object */;
			proxyType = 1;
			remoteGlobalIDString = 29B0139F20BAB40C00F93AAF;
			remoteInfo = RamenPos;
		};
		29B013C420BAB40E00F93AAF /* PBXContainerItemProxy */ = {
			isa = PBXContainerItemProxy;
			containerPortal = 29B0139820BAB40C00F93AAF /* Project object */;
			proxyType = 1;
			remoteGlobalIDString = 29B0139F20BAB40C00F93AAF;
			remoteInfo = RamenPos;
		};
/* End PBXContainerItemProxy section */

/* Begin PBXFileReference section */
		01616ABAC36F1BDFC6ADCC84 /* Pods_RamenPosUITests.framework */ = {isa = PBXFileReference; explicitFileType = wrapper.framework; includeInIndex = 0; path = Pods_RamenPosUITests.framework; sourceTree = BUILT_PRODUCTS_DIR; };
		09657E3424961DBDD9BFDF30 /* Pods-RamenPosUITests.release.xcconfig */ = {isa = PBXFileReference; includeInIndex = 1; lastKnownFileType = text.xcconfig; name = "Pods-RamenPosUITests.release.xcconfig"; path = "Pods/Target Support Files/Pods-RamenPosUITests/Pods-RamenPosUITests.release.xcconfig"; sourceTree = "<group>"; };
		22294E2E3042B919905BFC30 /* Pods-RamenPos.debug.xcconfig */ = {isa = PBXFileReference; includeInIndex = 1; lastKnownFileType = text.xcconfig; name = "Pods-RamenPos.debug.xcconfig"; path = "Pods/Target Support Files/Pods-RamenPos/Pods-RamenPos.debug.xcconfig"; sourceTree = "<group>"; };
		290EBBAF20C6D92F00D98C3A /* MainViewController+PrintStatusActions.swift */ = {isa = PBXFileReference; lastKnownFileType = sourcecode.swift; path = "MainViewController+PrintStatusActions.swift"; sourceTree = "<group>"; };
		290EBBB120C6DFEC00D98C3A /* SPIExtensions.swift */ = {isa = PBXFileReference; lastKnownFileType = sourcecode.swift; path = SPIExtensions.swift; sourceTree = "<group>"; };
		290EBBB320C6E43300D98C3A /* toString.swift */ = {isa = PBXFileReference; lastKnownFileType = sourcecode.swift; path = toString.swift; sourceTree = "<group>"; };
		29534F5020BC43320048C0E0 /* UIViewController+Alert.swift */ = {isa = PBXFileReference; lastKnownFileType = sourcecode.swift; path = "UIViewController+Alert.swift"; sourceTree = "<group>"; };
		29534F5220BC48BF0048C0E0 /* AppDelegate.swift */ = {isa = PBXFileReference; lastKnownFileType = sourcecode.swift; path = AppDelegate.swift; sourceTree = "<group>"; };
		29534F5420BD61FC0048C0E0 /* NotificationListener.swift */ = {isa = PBXFileReference; lastKnownFileType = sourcecode.swift; path = NotificationListener.swift; sourceTree = "<group>"; };
		29534F5720BD8CE30048C0E0 /* MainViewController+Actions.swift */ = {isa = PBXFileReference; lastKnownFileType = sourcecode.swift; path = "MainViewController+Actions.swift"; sourceTree = "<group>"; };
		298DCCF420BAED630081940A /* Bridging-Header.h */ = {isa = PBXFileReference; lastKnownFileType = sourcecode.c.h; path = "Bridging-Header.h"; sourceTree = "<group>"; };
		298DCCF520BAED630081940A /* ConnectionViewController.swift */ = {isa = PBXFileReference; lastKnownFileType = sourcecode.swift; path = ConnectionViewController.swift; sourceTree = "<group>"; };
		298DCCF920BAEE610081940A /* MainViewController.swift */ = {isa = PBXFileReference; lastKnownFileType = sourcecode.swift; path = MainViewController.swift; sourceTree = "<group>"; };
		298DCCFE20BAF1040081940A /* SettingsProvider.swift */ = {isa = PBXFileReference; lastKnownFileType = sourcecode.swift; path = SettingsProvider.swift; sourceTree = "<group>"; };
		298DCD0020BAF20D0081940A /* RamenApp.swift */ = {isa = PBXFileReference; lastKnownFileType = sourcecode.swift; path = RamenApp.swift; sourceTree = "<group>"; };
		298DCD0220BAFBD10081940A /* RamenApp+SPIConnectionDelegate.swift */ = {isa = PBXFileReference; lastKnownFileType = sourcecode.swift; path = "RamenApp+SPIConnectionDelegate.swift"; sourceTree = "<group>"; };
		298DCD0520BAFDD20081940A /* AppEvents.swift */ = {isa = PBXFileReference; lastKnownFileType = sourcecode.swift; path = AppEvents.swift; sourceTree = "<group>"; };
		2998F79E20C41EAA00431BE1 /* MainViewController+TransactionFlowChange.swift */ = {isa = PBXFileReference; lastKnownFileType = sourcecode.swift; path = "MainViewController+TransactionFlowChange.swift"; sourceTree = "<group>"; };
		29B013A020BAB40C00F93AAF /* RamenPos.app */ = {isa = PBXFileReference; explicitFileType = wrapper.application; includeInIndex = 0; path = RamenPos.app; sourceTree = BUILT_PRODUCTS_DIR; };
		29B013AA20BAB40C00F93AAF /* Base */ = {isa = PBXFileReference; lastKnownFileType = file.storyboard; name = Base; path = Base.lproj/Main.storyboard; sourceTree = "<group>"; };
		29B013AC20BAB40E00F93AAF /* Assets.xcassets */ = {isa = PBXFileReference; lastKnownFileType = folder.assetcatalog; path = Assets.xcassets; sourceTree = "<group>"; };
		29B013AF20BAB40E00F93AAF /* Base */ = {isa = PBXFileReference; lastKnownFileType = file.storyboard; name = Base; path = Base.lproj/LaunchScreen.storyboard; sourceTree = "<group>"; };
		29B013B120BAB40E00F93AAF /* Info.plist */ = {isa = PBXFileReference; lastKnownFileType = text.plist.xml; path = Info.plist; sourceTree = "<group>"; };
		29B013B820BAB40E00F93AAF /* RamenPosTests.xctest */ = {isa = PBXFileReference; explicitFileType = wrapper.cfbundle; includeInIndex = 0; path = RamenPosTests.xctest; sourceTree = BUILT_PRODUCTS_DIR; };
		29B013BC20BAB40E00F93AAF /* RamenPosTests.m */ = {isa = PBXFileReference; lastKnownFileType = sourcecode.c.objc; path = RamenPosTests.m; sourceTree = "<group>"; };
		29B013BE20BAB40E00F93AAF /* Info.plist */ = {isa = PBXFileReference; lastKnownFileType = text.plist.xml; path = Info.plist; sourceTree = "<group>"; };
		29B013C320BAB40E00F93AAF /* RamenPosUITests.xctest */ = {isa = PBXFileReference; explicitFileType = wrapper.cfbundle; includeInIndex = 0; path = RamenPosUITests.xctest; sourceTree = BUILT_PRODUCTS_DIR; };
		29B013C720BAB40E00F93AAF /* RamenPosUITests.m */ = {isa = PBXFileReference; lastKnownFileType = sourcecode.c.objc; path = RamenPosUITests.m; sourceTree = "<group>"; };
		29B013C920BAB40E00F93AAF /* Info.plist */ = {isa = PBXFileReference; lastKnownFileType = text.plist.xml; path = Info.plist; sourceTree = "<group>"; };
		369FA1ACD7138196834E57C5 /* Pods-RamenPosUITests.debug.xcconfig */ = {isa = PBXFileReference; includeInIndex = 1; lastKnownFileType = text.xcconfig; name = "Pods-RamenPosUITests.debug.xcconfig"; path = "Pods/Target Support Files/Pods-RamenPosUITests/Pods-RamenPosUITests.debug.xcconfig"; sourceTree = "<group>"; };
		576631A665260FDB1E86E826 /* Pods-RamenPosTests.release.xcconfig */ = {isa = PBXFileReference; includeInIndex = 1; lastKnownFileType = text.xcconfig; name = "Pods-RamenPosTests.release.xcconfig"; path = "Pods/Target Support Files/Pods-RamenPosTests/Pods-RamenPosTests.release.xcconfig"; sourceTree = "<group>"; };
		61070DBFD4BD074A03BCC7AD /* Pods-RamenPosTests.debug.xcconfig */ = {isa = PBXFileReference; includeInIndex = 1; lastKnownFileType = text.xcconfig; name = "Pods-RamenPosTests.debug.xcconfig"; path = "Pods/Target Support Files/Pods-RamenPosTests/Pods-RamenPosTests.debug.xcconfig"; sourceTree = "<group>"; };
		77AD00BA990EB171C4AA1AFA /* Pods-RamenPos.release.xcconfig */ = {isa = PBXFileReference; includeInIndex = 1; lastKnownFileType = text.xcconfig; name = "Pods-RamenPos.release.xcconfig"; path = "Pods/Target Support Files/Pods-RamenPos/Pods-RamenPos.release.xcconfig"; sourceTree = "<group>"; };
		C979FA01261435CC00DE8B94 /* TenantPickerViewController.swift */ = {isa = PBXFileReference; fileEncoding = 4; lastKnownFileType = sourcecode.swift; path = TenantPickerViewController.swift; sourceTree = "<group>"; };
		D35FCD202F68FEAB23A8FC5B /* Pods_RamenPos.framework */ = {isa = PBXFileReference; explicitFileType = wrapper.framework; includeInIndex = 0; path = Pods_RamenPos.framework; sourceTree = BUILT_PRODUCTS_DIR; };
		E2878094387BD470B843E4AC /* Pods_RamenPosTests.framework */ = {isa = PBXFileReference; explicitFileType = wrapper.framework; includeInIndex = 0; path = Pods_RamenPosTests.framework; sourceTree = BUILT_PRODUCTS_DIR; };
/* End PBXFileReference section */

/* Begin PBXFrameworksBuildPhase section */
		29B0139D20BAB40C00F93AAF /* Frameworks */ = {
			isa = PBXFrameworksBuildPhase;
			buildActionMask = 2147483647;
			files = (
				1F1954685EFC9AF5D52FC44B /* Pods_RamenPos.framework in Frameworks */,
			);
			runOnlyForDeploymentPostprocessing = 0;
		};
		29B013B520BAB40E00F93AAF /* Frameworks */ = {
			isa = PBXFrameworksBuildPhase;
			buildActionMask = 2147483647;
			files = (
				34A78CAA8CA85A5CD026F8D3 /* Pods_RamenPosTests.framework in Frameworks */,
			);
			runOnlyForDeploymentPostprocessing = 0;
		};
		29B013C020BAB40E00F93AAF /* Frameworks */ = {
			isa = PBXFrameworksBuildPhase;
			buildActionMask = 2147483647;
			files = (
				1C0D4F94A9FAF5CE3FB798C1 /* Pods_RamenPosUITests.framework in Frameworks */,
			);
			runOnlyForDeploymentPostprocessing = 0;
		};
/* End PBXFrameworksBuildPhase section */

/* Begin PBXGroup section */
		29534F4F20BC431C0048C0E0 /* Extensions */ = {
			isa = PBXGroup;
			children = (
				29534F5020BC43320048C0E0 /* UIViewController+Alert.swift */,
				290EBBB120C6DFEC00D98C3A /* SPIExtensions.swift */,
				290EBBB320C6E43300D98C3A /* toString.swift */,
			);
			path = Extensions;
			sourceTree = "<group>";
		};
		29534F5620BD62010048C0E0 /* Protocols */ = {
			isa = PBXGroup;
			children = (
				29534F5420BD61FC0048C0E0 /* NotificationListener.swift */,
			);
			path = Protocols;
			sourceTree = "<group>";
		};
		298DCCF020BAED190081940A /* View Controllers */ = {
			isa = PBXGroup;
			children = (
				298DCCF120BAED220081940A /* Connection */,
				298DCCF320BAED2E0081940A /* Main */,
			);
			path = "View Controllers";
			sourceTree = "<group>";
		};
		298DCCF120BAED220081940A /* Connection */ = {
			isa = PBXGroup;
			children = (
				298DCCF520BAED630081940A /* ConnectionViewController.swift */,
				C979FA01261435CC00DE8B94 /* TenantPickerViewController.swift */,
			);
			path = Connection;
			sourceTree = "<group>";
		};
		298DCCF320BAED2E0081940A /* Main */ = {
			isa = PBXGroup;
			children = (
				298DCCF920BAEE610081940A /* MainViewController.swift */,
				29534F5720BD8CE30048C0E0 /* MainViewController+Actions.swift */,
				2998F79E20C41EAA00431BE1 /* MainViewController+TransactionFlowChange.swift */,
				290EBBAF20C6D92F00D98C3A /* MainViewController+PrintStatusActions.swift */,
			);
			path = Main;
			sourceTree = "<group>";
		};
		298DCCFB20BAEF4D0081940A /* Resources */ = {
			isa = PBXGroup;
			children = (
				29B013AC20BAB40E00F93AAF /* Assets.xcassets */,
				29B013AE20BAB40E00F93AAF /* LaunchScreen.storyboard */,
				298DCCF420BAED630081940A /* Bridging-Header.h */,
				29B013B120BAB40E00F93AAF /* Info.plist */,
			);
			path = Resources;
			sourceTree = "<group>";
		};
		298DCCFC20BAF0CB0081940A /* Logic */ = {
			isa = PBXGroup;
			children = (
				298DCD0020BAF20D0081940A /* RamenApp.swift */,
				298DCD0220BAFBD10081940A /* RamenApp+SPIConnectionDelegate.swift */,
				29534F4F20BC431C0048C0E0 /* Extensions */,
				298DCD0420BAFDBF0081940A /* Enums */,
				29534F5620BD62010048C0E0 /* Protocols */,
				298DCCFD20BAF0DE0081940A /* Settings */,
			);
			path = Logic;
			sourceTree = "<group>";
		};
		298DCCFD20BAF0DE0081940A /* Settings */ = {
			isa = PBXGroup;
			children = (
				298DCCFE20BAF1040081940A /* SettingsProvider.swift */,
			);
			path = Settings;
			sourceTree = "<group>";
		};
		298DCD0420BAFDBF0081940A /* Enums */ = {
			isa = PBXGroup;
			children = (
				298DCD0520BAFDD20081940A /* AppEvents.swift */,
			);
			path = Enums;
			sourceTree = "<group>";
		};
		29B0139720BAB40C00F93AAF = {
			isa = PBXGroup;
			children = (
				29B013A220BAB40C00F93AAF /* RamenPos */,
				29B013BB20BAB40E00F93AAF /* RamenPosTests */,
				29B013C620BAB40E00F93AAF /* RamenPosUITests */,
				29B013A120BAB40C00F93AAF /* Products */,
				4EAD2E22EE4B8019B959D751 /* Pods */,
				7F7155EA286AC04A904E8FFA /* Frameworks */,
			);
			sourceTree = "<group>";
		};
		29B013A120BAB40C00F93AAF /* Products */ = {
			isa = PBXGroup;
			children = (
				29B013A020BAB40C00F93AAF /* RamenPos.app */,
				29B013B820BAB40E00F93AAF /* RamenPosTests.xctest */,
				29B013C320BAB40E00F93AAF /* RamenPosUITests.xctest */,
			);
			name = Products;
			sourceTree = "<group>";
		};
		29B013A220BAB40C00F93AAF /* RamenPos */ = {
			isa = PBXGroup;
			children = (
				298DCCFC20BAF0CB0081940A /* Logic */,
				298DCCF020BAED190081940A /* View Controllers */,
				29B013A920BAB40C00F93AAF /* Main.storyboard */,
				298DCCFB20BAEF4D0081940A /* Resources */,
				29534F5220BC48BF0048C0E0 /* AppDelegate.swift */,
			);
			path = RamenPos;
			sourceTree = "<group>";
		};
		29B013BB20BAB40E00F93AAF /* RamenPosTests */ = {
			isa = PBXGroup;
			children = (
				29B013BC20BAB40E00F93AAF /* RamenPosTests.m */,
				29B013BE20BAB40E00F93AAF /* Info.plist */,
			);
			path = RamenPosTests;
			sourceTree = "<group>";
		};
		29B013C620BAB40E00F93AAF /* RamenPosUITests */ = {
			isa = PBXGroup;
			children = (
				29B013C720BAB40E00F93AAF /* RamenPosUITests.m */,
				29B013C920BAB40E00F93AAF /* Info.plist */,
			);
			path = RamenPosUITests;
			sourceTree = "<group>";
		};
		4EAD2E22EE4B8019B959D751 /* Pods */ = {
			isa = PBXGroup;
			children = (
				22294E2E3042B919905BFC30 /* Pods-RamenPos.debug.xcconfig */,
				77AD00BA990EB171C4AA1AFA /* Pods-RamenPos.release.xcconfig */,
				61070DBFD4BD074A03BCC7AD /* Pods-RamenPosTests.debug.xcconfig */,
				576631A665260FDB1E86E826 /* Pods-RamenPosTests.release.xcconfig */,
				369FA1ACD7138196834E57C5 /* Pods-RamenPosUITests.debug.xcconfig */,
				09657E3424961DBDD9BFDF30 /* Pods-RamenPosUITests.release.xcconfig */,
			);
			name = Pods;
			sourceTree = "<group>";
		};
		7F7155EA286AC04A904E8FFA /* Frameworks */ = {
			isa = PBXGroup;
			children = (
				D35FCD202F68FEAB23A8FC5B /* Pods_RamenPos.framework */,
				E2878094387BD470B843E4AC /* Pods_RamenPosTests.framework */,
				01616ABAC36F1BDFC6ADCC84 /* Pods_RamenPosUITests.framework */,
			);
			name = Frameworks;
			sourceTree = "<group>";
		};
/* End PBXGroup section */

/* Begin PBXNativeTarget section */
		29B0139F20BAB40C00F93AAF /* RamenPos */ = {
			isa = PBXNativeTarget;
			buildConfigurationList = 29B013CC20BAB40E00F93AAF /* Build configuration list for PBXNativeTarget "RamenPos" */;
			buildPhases = (
				FB5F8B35E29BFD8F271482C1 /* [CP] Check Pods Manifest.lock */,
				29B0139C20BAB40C00F93AAF /* Sources */,
				29B0139D20BAB40C00F93AAF /* Frameworks */,
				29B0139E20BAB40C00F93AAF /* Resources */,
				245E25DC570D199ADB1E61B5 /* [CP] Check Pods Manifest.lock */,
				CE69453EFD011833D009A4E1 /* [CP] Embed Pods Frameworks */,
			);
			buildRules = (
			);
			dependencies = (
			);
			name = RamenPos;
			productName = RamenPos;
			productReference = 29B013A020BAB40C00F93AAF /* RamenPos.app */;
			productType = "com.apple.product-type.application";
		};
		29B013B720BAB40E00F93AAF /* RamenPosTests */ = {
			isa = PBXNativeTarget;
			buildConfigurationList = 29B013CF20BAB40E00F93AAF /* Build configuration list for PBXNativeTarget "RamenPosTests" */;
			buildPhases = (
				F777AF25481089C0B4474C19 /* [CP] Check Pods Manifest.lock */,
				29B013B420BAB40E00F93AAF /* Sources */,
				29B013B520BAB40E00F93AAF /* Frameworks */,
				29B013B620BAB40E00F93AAF /* Resources */,
			);
			buildRules = (
			);
			dependencies = (
				29B013BA20BAB40E00F93AAF /* PBXTargetDependency */,
			);
			name = RamenPosTests;
			productName = RamenPosTests;
			productReference = 29B013B820BAB40E00F93AAF /* RamenPosTests.xctest */;
			productType = "com.apple.product-type.bundle.unit-test";
		};
		29B013C220BAB40E00F93AAF /* RamenPosUITests */ = {
			isa = PBXNativeTarget;
			buildConfigurationList = 29B013D220BAB40E00F93AAF /* Build configuration list for PBXNativeTarget "RamenPosUITests" */;
			buildPhases = (
				502DC546F2F251B1F299E2D0 /* [CP] Check Pods Manifest.lock */,
				29B013BF20BAB40E00F93AAF /* Sources */,
				29B013C020BAB40E00F93AAF /* Frameworks */,
				29B013C120BAB40E00F93AAF /* Resources */,
			);
			buildRules = (
			);
			dependencies = (
				29B013C520BAB40E00F93AAF /* PBXTargetDependency */,
			);
			name = RamenPosUITests;
			productName = RamenPosUITests;
			productReference = 29B013C320BAB40E00F93AAF /* RamenPosUITests.xctest */;
			productType = "com.apple.product-type.bundle.ui-testing";
		};
/* End PBXNativeTarget section */

/* Begin PBXProject section */
		29B0139820BAB40C00F93AAF /* Project object */ = {
			isa = PBXProject;
			attributes = {
				LastUpgradeCheck = 1240;
				ORGANIZATIONNAME = mx51;
				TargetAttributes = {
					29B0139F20BAB40C00F93AAF = {
						CreatedOnToolsVersion = 9.3.1;
						LastSwiftMigration = 1030;
					};
					29B013B720BAB40E00F93AAF = {
						CreatedOnToolsVersion = 9.3.1;
						TestTargetID = 29B0139F20BAB40C00F93AAF;
					};
					29B013C220BAB40E00F93AAF = {
						CreatedOnToolsVersion = 9.3.1;
						TestTargetID = 29B0139F20BAB40C00F93AAF;
					};
				};
			};
			buildConfigurationList = 29B0139B20BAB40C00F93AAF /* Build configuration list for PBXProject "RamenPos" */;
			compatibilityVersion = "Xcode 9.3";
			developmentRegion = en;
			hasScannedForEncodings = 0;
			knownRegions = (
				en,
				Base,
			);
			mainGroup = 29B0139720BAB40C00F93AAF;
			productRefGroup = 29B013A120BAB40C00F93AAF /* Products */;
			projectDirPath = "";
			projectRoot = "";
			targets = (
				29B0139F20BAB40C00F93AAF /* RamenPos */,
				29B013B720BAB40E00F93AAF /* RamenPosTests */,
				29B013C220BAB40E00F93AAF /* RamenPosUITests */,
			);
		};
/* End PBXProject section */

/* Begin PBXResourcesBuildPhase section */
		29B0139E20BAB40C00F93AAF /* Resources */ = {
			isa = PBXResourcesBuildPhase;
			buildActionMask = 2147483647;
			files = (
				29B013B020BAB40E00F93AAF /* LaunchScreen.storyboard in Resources */,
				29B013AD20BAB40E00F93AAF /* Assets.xcassets in Resources */,
				29B013AB20BAB40C00F93AAF /* Main.storyboard in Resources */,
			);
			runOnlyForDeploymentPostprocessing = 0;
		};
		29B013B620BAB40E00F93AAF /* Resources */ = {
			isa = PBXResourcesBuildPhase;
			buildActionMask = 2147483647;
			files = (
			);
			runOnlyForDeploymentPostprocessing = 0;
		};
		29B013C120BAB40E00F93AAF /* Resources */ = {
			isa = PBXResourcesBuildPhase;
			buildActionMask = 2147483647;
			files = (
			);
			runOnlyForDeploymentPostprocessing = 0;
		};
/* End PBXResourcesBuildPhase section */

/* Begin PBXShellScriptBuildPhase section */
		245E25DC570D199ADB1E61B5 /* [CP] Check Pods Manifest.lock */ = {
			isa = PBXShellScriptBuildPhase;
			buildActionMask = 2147483647;
			files = (
			);
			inputPaths = (
				"${PODS_PODFILE_DIR_PATH}/Podfile.lock",
				"${PODS_ROOT}/Manifest.lock",
			);
			name = "[CP] Check Pods Manifest.lock";
			outputPaths = (
				"$(DERIVED_FILE_DIR)/Pods-RamenPosUITests-checkManifestLockResult.txt",
			);
			runOnlyForDeploymentPostprocessing = 0;
			shellPath = /bin/sh;
			shellScript = "diff \"${PODS_PODFILE_DIR_PATH}/Podfile.lock\" \"${PODS_ROOT}/Manifest.lock\" > /dev/null\nif [ $? != 0 ] ; then\n    # print error to STDERR\n    echo \"error: The sandbox is not in sync with the Podfile.lock. Run 'pod install' or update your CocoaPods installation.\" >&2\n    exit 1\nfi\n# This output is used by Xcode 'outputs' to avoid re-running this script phase.\necho \"SUCCESS\" > \"${SCRIPT_OUTPUT_FILE_0}\"\n";
			showEnvVarsInLog = 0;
		};
		502DC546F2F251B1F299E2D0 /* [CP] Check Pods Manifest.lock */ = {
			isa = PBXShellScriptBuildPhase;
			buildActionMask = 2147483647;
			files = (
			);
			inputFileListPaths = (
			);
			inputPaths = (
				"${PODS_PODFILE_DIR_PATH}/Podfile.lock",
				"${PODS_ROOT}/Manifest.lock",
			);
			name = "[CP] Check Pods Manifest.lock";
			outputFileListPaths = (
			);
			outputPaths = (
				"$(DERIVED_FILE_DIR)/Pods-RamenPosUITests-checkManifestLockResult.txt",
			);
			runOnlyForDeploymentPostprocessing = 0;
			shellPath = /bin/sh;
			shellScript = "diff \"${PODS_PODFILE_DIR_PATH}/Podfile.lock\" \"${PODS_ROOT}/Manifest.lock\" > /dev/null\nif [ $? != 0 ] ; then\n    # print error to STDERR\n    echo \"error: The sandbox is not in sync with the Podfile.lock. Run 'pod install' or update your CocoaPods installation.\" >&2\n    exit 1\nfi\n# This output is used by Xcode 'outputs' to avoid re-running this script phase.\necho \"SUCCESS\" > \"${SCRIPT_OUTPUT_FILE_0}\"\n";
			showEnvVarsInLog = 0;
		};
		CE69453EFD011833D009A4E1 /* [CP] Embed Pods Frameworks */ = {
			isa = PBXShellScriptBuildPhase;
			buildActionMask = 2147483647;
			files = (
			);
			inputFileListPaths = (
				"${PODS_ROOT}/Target Support Files/Pods-RamenPos/Pods-RamenPos-frameworks-${CONFIGURATION}-input-files.xcfilelist",
			);
			name = "[CP] Embed Pods Frameworks";
			outputFileListPaths = (
				"${PODS_ROOT}/Target Support Files/Pods-RamenPos/Pods-RamenPos-frameworks-${CONFIGURATION}-output-files.xcfilelist",
			);
			runOnlyForDeploymentPostprocessing = 0;
			shellPath = /bin/sh;
			shellScript = "\"${PODS_ROOT}/Target Support Files/Pods-RamenPos/Pods-RamenPos-frameworks.sh\"\n";
			showEnvVarsInLog = 0;
		};
		F777AF25481089C0B4474C19 /* [CP] Check Pods Manifest.lock */ = {
			isa = PBXShellScriptBuildPhase;
			buildActionMask = 2147483647;
			files = (
			);
			inputPaths = (
				"${PODS_PODFILE_DIR_PATH}/Podfile.lock",
				"${PODS_ROOT}/Manifest.lock",
			);
			name = "[CP] Check Pods Manifest.lock";
			outputPaths = (
				"$(DERIVED_FILE_DIR)/Pods-RamenPosTests-checkManifestLockResult.txt",
			);
			runOnlyForDeploymentPostprocessing = 0;
			shellPath = /bin/sh;
			shellScript = "diff \"${PODS_PODFILE_DIR_PATH}/Podfile.lock\" \"${PODS_ROOT}/Manifest.lock\" > /dev/null\nif [ $? != 0 ] ; then\n    # print error to STDERR\n    echo \"error: The sandbox is not in sync with the Podfile.lock. Run 'pod install' or update your CocoaPods installation.\" >&2\n    exit 1\nfi\n# This output is used by Xcode 'outputs' to avoid re-running this script phase.\necho \"SUCCESS\" > \"${SCRIPT_OUTPUT_FILE_0}\"\n";
			showEnvVarsInLog = 0;
		};
		FB5F8B35E29BFD8F271482C1 /* [CP] Check Pods Manifest.lock */ = {
			isa = PBXShellScriptBuildPhase;
			buildActionMask = 2147483647;
			files = (
			);
			inputPaths = (
				"${PODS_PODFILE_DIR_PATH}/Podfile.lock",
				"${PODS_ROOT}/Manifest.lock",
			);
			name = "[CP] Check Pods Manifest.lock";
			outputPaths = (
				"$(DERIVED_FILE_DIR)/Pods-RamenPos-checkManifestLockResult.txt",
			);
			runOnlyForDeploymentPostprocessing = 0;
			shellPath = /bin/sh;
			shellScript = "diff \"${PODS_PODFILE_DIR_PATH}/Podfile.lock\" \"${PODS_ROOT}/Manifest.lock\" > /dev/null\nif [ $? != 0 ] ; then\n    # print error to STDERR\n    echo \"error: The sandbox is not in sync with the Podfile.lock. Run 'pod install' or update your CocoaPods installation.\" >&2\n    exit 1\nfi\n# This output is used by Xcode 'outputs' to avoid re-running this script phase.\necho \"SUCCESS\" > \"${SCRIPT_OUTPUT_FILE_0}\"\n";
			showEnvVarsInLog = 0;
		};
/* End PBXShellScriptBuildPhase section */

/* Begin PBXSourcesBuildPhase section */
		29B0139C20BAB40C00F93AAF /* Sources */ = {
			isa = PBXSourcesBuildPhase;
			buildActionMask = 2147483647;
			files = (
				2998F79F20C41EAB00431BE1 /* MainViewController+TransactionFlowChange.swift in Sources */,
				298DCD0120BAF20D0081940A /* RamenApp.swift in Sources */,
				29534F5820BD8CE30048C0E0 /* MainViewController+Actions.swift in Sources */,
				298DCD0620BAFDD20081940A /* AppEvents.swift in Sources */,
				290EBBB220C6DFEC00D98C3A /* SPIExtensions.swift in Sources */,
				298DCCFF20BAF1040081940A /* SettingsProvider.swift in Sources */,
				298DCCF620BAED630081940A /* ConnectionViewController.swift in Sources */,
				290EBBB420C6E43300D98C3A /* toString.swift in Sources */,
				29534F5120BC43320048C0E0 /* UIViewController+Alert.swift in Sources */,
				298DCCFA20BAEE610081940A /* MainViewController.swift in Sources */,
				298DCD0320BAFBD10081940A /* RamenApp+SPIConnectionDelegate.swift in Sources */,
				29534F5520BD61FC0048C0E0 /* NotificationListener.swift in Sources */,
				29534F5320BC48BF0048C0E0 /* AppDelegate.swift in Sources */,
				290EBBB020C6D92F00D98C3A /* MainViewController+PrintStatusActions.swift in Sources */,
				C979FA03261435CC00DE8B94 /* TenantPickerViewController.swift in Sources */,
			);
			runOnlyForDeploymentPostprocessing = 0;
		};
		29B013B420BAB40E00F93AAF /* Sources */ = {
			isa = PBXSourcesBuildPhase;
			buildActionMask = 2147483647;
			files = (
				29B013BD20BAB40E00F93AAF /* RamenPosTests.m in Sources */,
			);
			runOnlyForDeploymentPostprocessing = 0;
		};
		29B013BF20BAB40E00F93AAF /* Sources */ = {
			isa = PBXSourcesBuildPhase;
			buildActionMask = 2147483647;
			files = (
				29B013C820BAB40E00F93AAF /* RamenPosUITests.m in Sources */,
			);
			runOnlyForDeploymentPostprocessing = 0;
		};
/* End PBXSourcesBuildPhase section */

/* Begin PBXTargetDependency section */
		29B013BA20BAB40E00F93AAF /* PBXTargetDependency */ = {
			isa = PBXTargetDependency;
			target = 29B0139F20BAB40C00F93AAF /* RamenPos */;
			targetProxy = 29B013B920BAB40E00F93AAF /* PBXContainerItemProxy */;
		};
		29B013C520BAB40E00F93AAF /* PBXTargetDependency */ = {
			isa = PBXTargetDependency;
			target = 29B0139F20BAB40C00F93AAF /* RamenPos */;
			targetProxy = 29B013C420BAB40E00F93AAF /* PBXContainerItemProxy */;
		};
/* End PBXTargetDependency section */

/* Begin PBXVariantGroup section */
		29B013A920BAB40C00F93AAF /* Main.storyboard */ = {
			isa = PBXVariantGroup;
			children = (
				29B013AA20BAB40C00F93AAF /* Base */,
			);
			name = Main.storyboard;
			sourceTree = "<group>";
		};
		29B013AE20BAB40E00F93AAF /* LaunchScreen.storyboard */ = {
			isa = PBXVariantGroup;
			children = (
				29B013AF20BAB40E00F93AAF /* Base */,
			);
			name = LaunchScreen.storyboard;
			sourceTree = "<group>";
		};
/* End PBXVariantGroup section */

/* Begin XCBuildConfiguration section */
		29B013CA20BAB40E00F93AAF /* Debug */ = {
			isa = XCBuildConfiguration;
			buildSettings = {
				ALWAYS_SEARCH_USER_PATHS = NO;
				CLANG_ANALYZER_NONNULL = YES;
				CLANG_ANALYZER_NUMBER_OBJECT_CONVERSION = YES_AGGRESSIVE;
				CLANG_CXX_LANGUAGE_STANDARD = "gnu++14";
				CLANG_CXX_LIBRARY = "libc++";
				CLANG_ENABLE_MODULES = YES;
				CLANG_ENABLE_OBJC_ARC = YES;
				CLANG_ENABLE_OBJC_WEAK = YES;
				CLANG_WARN_BLOCK_CAPTURE_AUTORELEASING = YES;
				CLANG_WARN_BOOL_CONVERSION = YES;
				CLANG_WARN_COMMA = YES;
				CLANG_WARN_CONSTANT_CONVERSION = YES;
				CLANG_WARN_DEPRECATED_OBJC_IMPLEMENTATIONS = YES;
				CLANG_WARN_DIRECT_OBJC_ISA_USAGE = YES_ERROR;
				CLANG_WARN_DOCUMENTATION_COMMENTS = YES;
				CLANG_WARN_EMPTY_BODY = YES;
				CLANG_WARN_ENUM_CONVERSION = YES;
				CLANG_WARN_INFINITE_RECURSION = YES;
				CLANG_WARN_INT_CONVERSION = YES;
				CLANG_WARN_NON_LITERAL_NULL_CONVERSION = YES;
				CLANG_WARN_OBJC_IMPLICIT_RETAIN_SELF = YES;
				CLANG_WARN_OBJC_LITERAL_CONVERSION = YES;
				CLANG_WARN_OBJC_ROOT_CLASS = YES_ERROR;
				CLANG_WARN_QUOTED_INCLUDE_IN_FRAMEWORK_HEADER = YES;
				CLANG_WARN_RANGE_LOOP_ANALYSIS = YES;
				CLANG_WARN_STRICT_PROTOTYPES = YES;
				CLANG_WARN_SUSPICIOUS_MOVE = YES;
				CLANG_WARN_UNGUARDED_AVAILABILITY = YES_AGGRESSIVE;
				CLANG_WARN_UNREACHABLE_CODE = YES;
				CLANG_WARN__DUPLICATE_METHOD_MATCH = YES;
				CODE_SIGN_IDENTITY = "iPhone Developer";
				COPY_PHASE_STRIP = NO;
				DEBUG_INFORMATION_FORMAT = dwarf;
				ENABLE_STRICT_OBJC_MSGSEND = YES;
				ENABLE_TESTABILITY = YES;
				GCC_C_LANGUAGE_STANDARD = gnu11;
				GCC_DYNAMIC_NO_PIC = NO;
				GCC_NO_COMMON_BLOCKS = YES;
				GCC_OPTIMIZATION_LEVEL = 0;
				GCC_PREPROCESSOR_DEFINITIONS = (
					"DEBUG=1",
					"$(inherited)",
				);
				GCC_WARN_64_TO_32_BIT_CONVERSION = YES;
				GCC_WARN_ABOUT_RETURN_TYPE = YES_ERROR;
				GCC_WARN_UNDECLARED_SELECTOR = YES;
				GCC_WARN_UNINITIALIZED_AUTOS = YES_AGGRESSIVE;
				GCC_WARN_UNUSED_FUNCTION = YES;
				GCC_WARN_UNUSED_VARIABLE = YES;
				IPHONEOS_DEPLOYMENT_TARGET = 12.0;
				MTL_ENABLE_DEBUG_INFO = YES;
				ONLY_ACTIVE_ARCH = YES;
				SDKROOT = iphoneos;
			};
			name = Debug;
		};
		29B013CB20BAB40E00F93AAF /* Release */ = {
			isa = XCBuildConfiguration;
			buildSettings = {
				ALWAYS_SEARCH_USER_PATHS = NO;
				CLANG_ANALYZER_NONNULL = YES;
				CLANG_ANALYZER_NUMBER_OBJECT_CONVERSION = YES_AGGRESSIVE;
				CLANG_CXX_LANGUAGE_STANDARD = "gnu++14";
				CLANG_CXX_LIBRARY = "libc++";
				CLANG_ENABLE_MODULES = YES;
				CLANG_ENABLE_OBJC_ARC = YES;
				CLANG_ENABLE_OBJC_WEAK = YES;
				CLANG_WARN_BLOCK_CAPTURE_AUTORELEASING = YES;
				CLANG_WARN_BOOL_CONVERSION = YES;
				CLANG_WARN_COMMA = YES;
				CLANG_WARN_CONSTANT_CONVERSION = YES;
				CLANG_WARN_DEPRECATED_OBJC_IMPLEMENTATIONS = YES;
				CLANG_WARN_DIRECT_OBJC_ISA_USAGE = YES_ERROR;
				CLANG_WARN_DOCUMENTATION_COMMENTS = YES;
				CLANG_WARN_EMPTY_BODY = YES;
				CLANG_WARN_ENUM_CONVERSION = YES;
				CLANG_WARN_INFINITE_RECURSION = YES;
				CLANG_WARN_INT_CONVERSION = YES;
				CLANG_WARN_NON_LITERAL_NULL_CONVERSION = YES;
				CLANG_WARN_OBJC_IMPLICIT_RETAIN_SELF = YES;
				CLANG_WARN_OBJC_LITERAL_CONVERSION = YES;
				CLANG_WARN_OBJC_ROOT_CLASS = YES_ERROR;
				CLANG_WARN_QUOTED_INCLUDE_IN_FRAMEWORK_HEADER = YES;
				CLANG_WARN_RANGE_LOOP_ANALYSIS = YES;
				CLANG_WARN_STRICT_PROTOTYPES = YES;
				CLANG_WARN_SUSPICIOUS_MOVE = YES;
				CLANG_WARN_UNGUARDED_AVAILABILITY = YES_AGGRESSIVE;
				CLANG_WARN_UNREACHABLE_CODE = YES;
				CLANG_WARN__DUPLICATE_METHOD_MATCH = YES;
				CODE_SIGN_IDENTITY = "iPhone Developer";
				COPY_PHASE_STRIP = NO;
				DEBUG_INFORMATION_FORMAT = "dwarf-with-dsym";
				ENABLE_NS_ASSERTIONS = NO;
				ENABLE_STRICT_OBJC_MSGSEND = YES;
				GCC_C_LANGUAGE_STANDARD = gnu11;
				GCC_NO_COMMON_BLOCKS = YES;
				GCC_WARN_64_TO_32_BIT_CONVERSION = YES;
				GCC_WARN_ABOUT_RETURN_TYPE = YES_ERROR;
				GCC_WARN_UNDECLARED_SELECTOR = YES;
				GCC_WARN_UNINITIALIZED_AUTOS = YES_AGGRESSIVE;
				GCC_WARN_UNUSED_FUNCTION = YES;
				GCC_WARN_UNUSED_VARIABLE = YES;
				IPHONEOS_DEPLOYMENT_TARGET = 12.0;
				MTL_ENABLE_DEBUG_INFO = NO;
				SDKROOT = iphoneos;
				SWIFT_COMPILATION_MODE = wholemodule;
				VALIDATE_PRODUCT = YES;
			};
			name = Release;
		};
		29B013CD20BAB40E00F93AAF /* Debug */ = {
			isa = XCBuildConfiguration;
			baseConfigurationReference = 22294E2E3042B919905BFC30 /* Pods-RamenPos.debug.xcconfig */;
			buildSettings = {
				ASSETCATALOG_COMPILER_APPICON_NAME = AppIcon;
				CLANG_ENABLE_MODULES = YES;
				CODE_SIGN_IDENTITY = "iPhone Distribution";
				CODE_SIGN_STYLE = Manual;
				CURRENT_PROJECT_VERSION = 4;
				DEVELOPMENT_TEAM = 6T5VWZNL33;
				INFOPLIST_FILE = RamenPos/Resources/Info.plist;
				LD_RUNPATH_SEARCH_PATHS = (
					"$(inherited)",
					"@executable_path/Frameworks",
				);
				MARKETING_VERSION = 2.9.3;
				PRODUCT_BUNDLE_IDENTIFIER = io.mx51.RamenPOS;
				PRODUCT_NAME = "$(TARGET_NAME)";
				PROVISIONING_PROFILE_SPECIFIER = "RamenPOS prov";
				SWIFT_OBJC_BRIDGING_HEADER = "ramenpos/Resources/Bridging-Header.h";
				SWIFT_OPTIMIZATION_LEVEL = "-Onone";
				SWIFT_VERSION = 5.0;
				TARGETED_DEVICE_FAMILY = "1,2";
			};
			name = Debug;
		};
		29B013CE20BAB40E00F93AAF /* Release */ = {
			isa = XCBuildConfiguration;
			baseConfigurationReference = 77AD00BA990EB171C4AA1AFA /* Pods-RamenPos.release.xcconfig */;
			buildSettings = {
				ASSETCATALOG_COMPILER_APPICON_NAME = AppIcon;
				CLANG_ENABLE_MODULES = YES;
				CODE_SIGN_IDENTITY = "iPhone Distribution";
				CODE_SIGN_STYLE = Manual;
				CURRENT_PROJECT_VERSION = 4;
				DEVELOPMENT_TEAM = 6T5VWZNL33;
				INFOPLIST_FILE = RamenPos/Resources/Info.plist;
				LD_RUNPATH_SEARCH_PATHS = (
					"$(inherited)",
					"@executable_path/Frameworks",
				);
				MARKETING_VERSION = 2.9.3;
				PRODUCT_BUNDLE_IDENTIFIER = io.mx51.RamenPOS;
				PRODUCT_NAME = "$(TARGET_NAME)";
				PROVISIONING_PROFILE_SPECIFIER = "RamenPOS prov";
				SWIFT_OBJC_BRIDGING_HEADER = "ramenpos/Resources/Bridging-Header.h";
				SWIFT_VERSION = 5.0;
				TARGETED_DEVICE_FAMILY = "1,2";
			};
			name = Release;
		};
		29B013D020BAB40E00F93AAF /* Debug */ = {
			isa = XCBuildConfiguration;
			baseConfigurationReference = 61070DBFD4BD074A03BCC7AD /* Pods-RamenPosTests.debug.xcconfig */;
			buildSettings = {
				ALWAYS_EMBED_SWIFT_STANDARD_LIBRARIES = YES;
				BUNDLE_LOADER = "$(TEST_HOST)";
				CODE_SIGN_STYLE = Automatic;
				INFOPLIST_FILE = RamenPosTests/Info.plist;
				LD_RUNPATH_SEARCH_PATHS = (
					"$(inherited)",
					"@executable_path/Frameworks",
					"@loader_path/Frameworks",
				);
				PRODUCT_BUNDLE_IDENTIFIER = com.mx51.RamenPosTests;
				PRODUCT_NAME = "$(TARGET_NAME)";
				TARGETED_DEVICE_FAMILY = "1,2";
				TEST_HOST = "$(BUILT_PRODUCTS_DIR)/RamenPos.app/RamenPos";
			};
			name = Debug;
		};
		29B013D120BAB40E00F93AAF /* Release */ = {
			isa = XCBuildConfiguration;
			baseConfigurationReference = 576631A665260FDB1E86E826 /* Pods-RamenPosTests.release.xcconfig */;
			buildSettings = {
				ALWAYS_EMBED_SWIFT_STANDARD_LIBRARIES = YES;
				BUNDLE_LOADER = "$(TEST_HOST)";
				CODE_SIGN_STYLE = Automatic;
				INFOPLIST_FILE = RamenPosTests/Info.plist;
				LD_RUNPATH_SEARCH_PATHS = (
					"$(inherited)",
					"@executable_path/Frameworks",
					"@loader_path/Frameworks",
				);
				PRODUCT_BUNDLE_IDENTIFIER = com.mx51.RamenPosTests;
				PRODUCT_NAME = "$(TARGET_NAME)";
				TARGETED_DEVICE_FAMILY = "1,2";
				TEST_HOST = "$(BUILT_PRODUCTS_DIR)/RamenPos.app/RamenPos";
			};
			name = Release;
		};
		29B013D320BAB40E00F93AAF /* Debug */ = {
			isa = XCBuildConfiguration;
			baseConfigurationReference = 369FA1ACD7138196834E57C5 /* Pods-RamenPosUITests.debug.xcconfig */;
			buildSettings = {
				ALWAYS_EMBED_SWIFT_STANDARD_LIBRARIES = YES;
				CODE_SIGN_STYLE = Automatic;
				INFOPLIST_FILE = RamenPosUITests/Info.plist;
				LD_RUNPATH_SEARCH_PATHS = (
					"$(inherited)",
					"@executable_path/Frameworks",
					"@loader_path/Frameworks",
				);
				PRODUCT_BUNDLE_IDENTIFIER = com.mx51.RamenPosUITests;
				PRODUCT_NAME = "$(TARGET_NAME)";
				TARGETED_DEVICE_FAMILY = "1,2";
				TEST_TARGET_NAME = RamenPos;
			};
			name = Debug;
		};
		29B013D420BAB40E00F93AAF /* Release */ = {
			isa = XCBuildConfiguration;
			baseConfigurationReference = 09657E3424961DBDD9BFDF30 /* Pods-RamenPosUITests.release.xcconfig */;
			buildSettings = {
				ALWAYS_EMBED_SWIFT_STANDARD_LIBRARIES = YES;
				CODE_SIGN_STYLE = Automatic;
				INFOPLIST_FILE = RamenPosUITests/Info.plist;
				LD_RUNPATH_SEARCH_PATHS = (
					"$(inherited)",
					"@executable_path/Frameworks",
					"@loader_path/Frameworks",
				);
				PRODUCT_BUNDLE_IDENTIFIER = com.mx51.RamenPosUITests;
				PRODUCT_NAME = "$(TARGET_NAME)";
				TARGETED_DEVICE_FAMILY = "1,2";
				TEST_TARGET_NAME = RamenPos;
			};
			name = Release;
		};
/* End XCBuildConfiguration section */

/* Begin XCConfigurationList section */
		29B0139B20BAB40C00F93AAF /* Build configuration list for PBXProject "RamenPos" */ = {
			isa = XCConfigurationList;
			buildConfigurations = (
				29B013CA20BAB40E00F93AAF /* Debug */,
				29B013CB20BAB40E00F93AAF /* Release */,
			);
			defaultConfigurationIsVisible = 0;
			defaultConfigurationName = Release;
		};
		29B013CC20BAB40E00F93AAF /* Build configuration list for PBXNativeTarget "RamenPos" */ = {
			isa = XCConfigurationList;
			buildConfigurations = (
				29B013CD20BAB40E00F93AAF /* Debug */,
				29B013CE20BAB40E00F93AAF /* Release */,
			);
			defaultConfigurationIsVisible = 0;
			defaultConfigurationName = Release;
		};
		29B013CF20BAB40E00F93AAF /* Build configuration list for PBXNativeTarget "RamenPosTests" */ = {
			isa = XCConfigurationList;
			buildConfigurations = (
				29B013D020BAB40E00F93AAF /* Debug */,
				29B013D120BAB40E00F93AAF /* Release */,
			);
			defaultConfigurationIsVisible = 0;
			defaultConfigurationName = Release;
		};
		29B013D220BAB40E00F93AAF /* Build configuration list for PBXNativeTarget "RamenPosUITests" */ = {
			isa = XCConfigurationList;
			buildConfigurations = (
				29B013D320BAB40E00F93AAF /* Debug */,
				29B013D420BAB40E00F93AAF /* Release */,
			);
			defaultConfigurationIsVisible = 0;
			defaultConfigurationName = Release;
		};
/* End XCConfigurationList section */
	};
	rootObject = 29B0139820BAB40C00F93AAF /* Project object */;
}
