PODS:
  - RNCryptor-objc (3.0.6)
  - SocketRocket (0.5.1)
  - SPIClient-iOS (2.6.0):
    - RNCryptor-objc
    - SocketRocket

DEPENDENCIES:
  - SPIClient-iOS (from `https://github.com/AssemblyPayments/spi-client-ios.git`, branch `feature/v2.6.0`)

SPEC REPOS:
  https://github.com/cocoapods/specs.git:
    - RNCryptor-objc
    - SocketRocket

EXTERNAL SOURCES:
  SPIClient-iOS:
    :branch: feature/v2.6.0
    :git: https://github.com/AssemblyPayments/spi-client-ios.git

CHECKOUT OPTIONS:
  SPIClient-iOS:
    :commit: 536e33ffe1aeb1f3acb3eda0e91c4fc7a0374775
    :git: https://github.com/AssemblyPayments/spi-client-ios.git

SPEC CHECKSUMS:
  RNCryptor-objc: d1b228f9c02e2173df063f0617684c134aed890e
  SocketRocket: d57c7159b83c3c6655745cd15302aa24b6bae531
  SPIClient-iOS: 7be7eb99a66d08e88ccbed12d80cf5a83fc4488f

PODFILE CHECKSUM: 48a7275f1b99d59711297b09d3a6d88f3a035fc8

COCOAPODS: 1.5.3
