PODS:
  - RNCryptor-objc (3.0.6)
  - SocketRocket (0.5.1)
  - SPIClient-iOS (2.3.5):
    - RNCryptor-objc
    - SocketRocket

DEPENDENCIES:
  - SPIClient-iOS (~> 2.3.5)

SPEC REPOS:
  https://github.com/cocoapods/specs.git:
    - RNCryptor-objc
    - SocketRocket
    - SPIClient-iOS

SPEC CHECKSUMS:
  RNCryptor-objc: d1b228f9c02e2173df063f0617684c134aed890e
  SocketRocket: d57c7159b83c3c6655745cd15302aa24b6bae531
  SPIClient-iOS: a0070548c1059fa2a66eb08f12ebac08571af7a9

PODFILE CHECKSUM: c418c9f842a512c29c59e2e07f1dd6d7a27f63e0

COCOAPODS: 1.5.3
