PODS:
  - PMAlertController (3.2.0)
  - RNCryptor-objc (3.0.5)
  - SocketRocket (0.5.1)
  - SPIClient-iOS (2.0.3):
    - RNCryptor-objc
    - SocketRocket

DEPENDENCIES:
  - PMAlertController (from `https://github.com/mokten/PMAlertController.git`, branch `develop`)
  - SPIClient-iOS (~> 2.0.3)

SPEC REPOS:
  https://github.com/CocoaPods/Specs.git:
    - RNCryptor-objc
    - SocketRocket
    - SPIClient-iOS

EXTERNAL SOURCES:
  PMAlertController:
    :branch: develop
    :git: https://github.com/mokten/PMAlertController.git

CHECKOUT OPTIONS:
  PMAlertController:
    :commit: e2e2941646043069febc228333e6d0eecbb3b077
    :git: https://github.com/mokten/PMAlertController.git

SPEC CHECKSUMS:
  PMAlertController: 5ed781ed6849c9d810480925c44a089c8e4fa41d
  RNCryptor-objc: a65b15493de05dda4af0f392c70372b7a5625aab
  SocketRocket: d57c7159b83c3c6655745cd15302aa24b6bae531
  SPIClient-iOS: a2bdacf23c690575368e9fffd4ba825bbaf1f881

PODFILE CHECKSUM: ce17d5af254fce2985e7aa4915aacbcd67683c27

COCOAPODS: 1.5.0
